
Microsoft Visual Studio Solution File, Format Version 12.00
# Visual Studio Version 17
VisualStudioVersion = 17.3.32922.545
MinimumVisualStudioVersion = 10.0.40219.1
Project("{9A19103F-16F7-4668-BE54-9A1E7A4F7556}") = "RazorToDoApp", "RazorToDoApp\RazorToDoApp.csproj", "{B62B2EFF-A32D-4062-A0A5-592EF36E425C}"
EndProject
Global
	GlobalSection(SolutionConfigurationPlatforms) = preSolution
		Debug|Any CPU = Debug|Any CPU
		Release|Any CPU = Release|Any CPU
	EndGlobalSection
	GlobalSection(ProjectConfigurationPlatforms) = postSolution
		{B62B2EFF-A32D-4062-A0A5-592EF36E425C}.Debug|Any CPU.ActiveCfg = Debug|Any CPU
		{B62B2EFF-A32D-4062-A0A5-592EF36E425C}.Debug|Any CPU.Build.0 = Debug|Any CPU
		{B62B2EFF-A32D-4062-A0A5-592EF36E425C}.Release|Any CPU.ActiveCfg = Release|Any CPU
		{B62B2EFF-A32D-4062-A0A5-592EF36E425C}.Release|Any CPU.Build.0 = Release|Any CPU
	EndGlobalSection
	GlobalSection(SolutionProperties) = preSolution
		HideSolutionNode = FALSE
	EndGlobalSection
	GlobalSection(ExtensibilityGlobals) = postSolution
		SolutionGuid = {DD088B53-BDB5-47DF-811B-DDCEFC26DEFF}
	EndGlobalSection
EndGlobal
